
Microsoft Visual Studio Solution File, Format Version 12.00
# Visual Studio 15
VisualStudioVersion = 15.0.28307.168
MinimumVisualStudioVersion = 10.0.40219.1
Project("{FAE04EC0-301F-11D3-BF4B-00C04F79EFBC}") = "SimpleCalculator", "SimpleCalculator\SimpleCalculator.csproj", "{CE77E439-A65C-4549-9977-B6F7DC3F0FF1}"
EndProject
Project("{FAE04EC0-301F-11D3-BF4B-00C04F79EFBC}") = "BuildFS", "BuildFS\BuildFS.csproj", "{8CA7EFC7-ABF4-4E0C-A037-BC18540CD809}"
EndProject
Global
	GlobalSection(SolutionConfigurationPlatforms) = preSolution
		Debug|Any CPU = Debug|Any CPU
		Release|Any CPU = Release|Any CPU
	EndGlobalSection
	GlobalSection(ProjectConfigurationPlatforms) = postSolution
		{CE77E439-A65C-4549-9977-B6F7DC3F0FF1}.Debug|Any CPU.ActiveCfg = Debug|Any CPU
		{CE77E439-A65C-4549-9977-B6F7DC3F0FF1}.Debug|Any CPU.Build.0 = Debug|Any CPU
		{CE77E439-A65C-4549-9977-B6F7DC3F0FF1}.Release|Any CPU.ActiveCfg = Release|Any CPU
		{CE77E439-A65C-4549-9977-B6F7DC3F0FF1}.Release|Any CPU.Build.0 = Release|Any CPU
		{8CA7EFC7-ABF4-4E0C-A037-BC18540CD809}.Debug|Any CPU.ActiveCfg = Debug|Any CPU
		{8CA7EFC7-ABF4-4E0C-A037-BC18540CD809}.Debug|Any CPU.Build.0 = Debug|Any CPU
		{8CA7EFC7-ABF4-4E0C-A037-BC18540CD809}.Release|Any CPU.ActiveCfg = Release|Any CPU
		{8CA7EFC7-ABF4-4E0C-A037-BC18540CD809}.Release|Any CPU.Build.0 = Release|Any CPU
	EndGlobalSection
	GlobalSection(SolutionProperties) = preSolution
		HideSolutionNode = FALSE
	EndGlobalSection
	GlobalSection(ExtensibilityGlobals) = postSolution
		SolutionGuid = {378273E4-F6E7-47A1-833B-B9956506B253}
	EndGlobalSection
EndGlobal
